
Microsoft Visual Studio Solution File, Format Version 12.00
# Visual Studio Version 16
VisualStudioVersion = 16.0.30002.166
MinimumVisualStudioVersion = 10.0.40219.1
Project("{FAE04EC0-301F-11D3-BF4B-00C04F79EFBC}") = "BCSDC", "BCSDC\BCSDC.csproj", "{ACF969DE-18FA-4F47-8130-717F84C3DCB4}"
EndProject
Project("{FAE04EC0-301F-11D3-BF4B-00C04F79EFBC}") = "Common", "Common\Common.csproj", "{4400C774-D71A-43D1-AE6C-364FEE361164}"
EndProject
Global
	GlobalSection(SolutionConfigurationPlatforms) = preSolution
		Debug|Any CPU = Debug|Any CPU
		Release|Any CPU = Release|Any CPU
	EndGlobalSection
	GlobalSection(ProjectConfigurationPlatforms) = postSolution
		{ACF969DE-18FA-4F47-8130-717F84C3DCB4}.Debug|Any CPU.ActiveCfg = Debug|Any CPU
		{ACF969DE-18FA-4F47-8130-717F84C3DCB4}.Debug|Any CPU.Build.0 = Debug|Any CPU
		{ACF969DE-18FA-4F47-8130-717F84C3DCB4}.Release|Any CPU.ActiveCfg = Release|Any CPU
		{ACF969DE-18FA-4F47-8130-717F84C3DCB4}.Release|Any CPU.Build.0 = Release|Any CPU
		{4400C774-D71A-43D1-AE6C-364FEE361164}.Debug|Any CPU.ActiveCfg = Debug|Any CPU
		{4400C774-D71A-43D1-AE6C-364FEE361164}.Debug|Any CPU.Build.0 = Debug|Any CPU
		{4400C774-D71A-43D1-AE6C-364FEE361164}.Release|Any CPU.ActiveCfg = Release|Any CPU
		{4400C774-D71A-43D1-AE6C-364FEE361164}.Release|Any CPU.Build.0 = Release|Any CPU
	EndGlobalSection
	GlobalSection(SolutionProperties) = preSolution
		HideSolutionNode = FALSE
	EndGlobalSection
	GlobalSection(ExtensibilityGlobals) = postSolution
		SolutionGuid = {D593053D-4DA2-49CD-8B3D-0E5D01C556E5}
	EndGlobalSection
EndGlobal
