
Microsoft Visual Studio Solution File, Format Version 12.00
# Visual Studio Version 16
VisualStudioVersion = 16.0.30002.166
MinimumVisualStudioVersion = 10.0.40219.1
Project("{FAE04EC0-301F-11D3-BF4B-00C04F79EFBC}") = "BCSDC", "BCSDC\BCSDC.csproj", "{ACF969DE-18FA-4F47-8130-717F84C3DCB4}"
EndProject
Project("{FAE04EC0-301F-11D3-BF4B-00C04F79EFBC}") = "BCSDC.DAL", "BCSDC.DAL\BCSDC.DAL.csproj", "{93BB2689-2601-46EB-9482-F2E68F808318}"
EndProject
Project("{FAE04EC0-301F-11D3-BF4B-00C04F79EFBC}") = "BCSDC.Common", "BCSDC.Common\BCSDC.Common.csproj", "{AD63DD35-58BE-4A72-9AB2-19F0CFA44A38}"
EndProject
Project("{FAE04EC0-301F-11D3-BF4B-00C04F79EFBC}") = "BCSDC.Model", "BCSDC.Model\BCSDC.Model.csproj", "{7E8A9D98-BF0E-4837-8C58-634D86F19314}"
EndProject
Global
	GlobalSection(SolutionConfigurationPlatforms) = preSolution
		Debug|Any CPU = Debug|Any CPU
		Release|Any CPU = Release|Any CPU
	EndGlobalSection
	GlobalSection(ProjectConfigurationPlatforms) = postSolution
		{ACF969DE-18FA-4F47-8130-717F84C3DCB4}.Debug|Any CPU.ActiveCfg = Debug|Any CPU
		{ACF969DE-18FA-4F47-8130-717F84C3DCB4}.Debug|Any CPU.Build.0 = Debug|Any CPU
		{ACF969DE-18FA-4F47-8130-717F84C3DCB4}.Release|Any CPU.ActiveCfg = Release|Any CPU
		{ACF969DE-18FA-4F47-8130-717F84C3DCB4}.Release|Any CPU.Build.0 = Release|Any CPU
		{93BB2689-2601-46EB-9482-F2E68F808318}.Debug|Any CPU.ActiveCfg = Debug|Any CPU
		{93BB2689-2601-46EB-9482-F2E68F808318}.Debug|Any CPU.Build.0 = Debug|Any CPU
		{93BB2689-2601-46EB-9482-F2E68F808318}.Release|Any CPU.ActiveCfg = Release|Any CPU
		{93BB2689-2601-46EB-9482-F2E68F808318}.Release|Any CPU.Build.0 = Release|Any CPU
		{AD63DD35-58BE-4A72-9AB2-19F0CFA44A38}.Debug|Any CPU.ActiveCfg = Debug|Any CPU
		{AD63DD35-58BE-4A72-9AB2-19F0CFA44A38}.Debug|Any CPU.Build.0 = Debug|Any CPU
		{AD63DD35-58BE-4A72-9AB2-19F0CFA44A38}.Release|Any CPU.ActiveCfg = Release|Any CPU
		{AD63DD35-58BE-4A72-9AB2-19F0CFA44A38}.Release|Any CPU.Build.0 = Release|Any CPU
		{7E8A9D98-BF0E-4837-8C58-634D86F19314}.Debug|Any CPU.ActiveCfg = Debug|Any CPU
		{7E8A9D98-BF0E-4837-8C58-634D86F19314}.Debug|Any CPU.Build.0 = Debug|Any CPU
		{7E8A9D98-BF0E-4837-8C58-634D86F19314}.Release|Any CPU.ActiveCfg = Release|Any CPU
		{7E8A9D98-BF0E-4837-8C58-634D86F19314}.Release|Any CPU.Build.0 = Release|Any CPU
	EndGlobalSection
	GlobalSection(SolutionProperties) = preSolution
		HideSolutionNode = FALSE
	EndGlobalSection
	GlobalSection(ExtensibilityGlobals) = postSolution
		SolutionGuid = {D593053D-4DA2-49CD-8B3D-0E5D01C556E5}
	EndGlobalSection
EndGlobal
